{
  "pins" : [
    {
      "identity" : "libopus",
      "kind" : "remoteSourceControl",
      "location" : "https://github.com/SerhiiShovkoplias/libopus.git",
      "state" : {
        "revision" : "2f177efad3758b0961dadeef1d6b33371e972bce",
        "version" : "1.0.6"
      }
    }
  ],
  "version" : 2
}
