{
  "pins" : [
    {
      "identity" : "libopus",
      "kind" : "remoteSourceControl",
      "location" : "https://github.com/SerhiiShovkoplias/libopus.git",
      "state" : {
        "revision" : "5785508ea6ba5eae69068850e10264ec33eb312b",
        "version" : "1.0.4"
      }
    }
  ],
  "version" : 2
}
