{
  "pins" : [
    {
      "identity" : "libopus",
      "kind" : "remoteSourceControl",
      "location" : "https://github.com/SerhiiShovkoplias/libopus.git",
      "state" : {
        "revision" : "792c44f5d5bf901ac93df7bdd8cb1c47f8df7993",
        "version" : "1.0.0"
      }
    }
  ],
  "version" : 2
}
